Microsoft Visual Studio Solution File, Format Version 12.00
# Visual Studio Version 17
VisualStudioVersion = 17.5.2.0
MinimumVisualStudioVersion = 10.0.40219.1
Project("{FAE04EC0-301F-11D3-BF4B-00C04F79EFBC}") = "Renamer_App", "Renamer_App.csproj", "{07AD2BF7-3811-2B8E-2B24-3FA4B13BD71E}"
EndProject
Global
	GlobalSection(SolutionConfigurationPlatforms) = preSolution
		Debug|Any CPU = Debug|Any CPU
		Release|Any CPU = Release|Any CPU
	EndGlobalSection
	GlobalSection(ProjectConfigurationPlatforms) = postSolution
		{07AD2BF7-3811-2B8E-2B24-3FA4B13BD71E}.Debug|Any CPU.ActiveCfg = Debug|Any CPU
		{07AD2BF7-3811-2B8E-2B24-3FA4B13BD71E}.Debug|Any CPU.Build.0 = Debug|Any CPU
		{07AD2BF7-3811-2B8E-2B24-3FA4B13BD71E}.Release|Any CPU.ActiveCfg = Release|Any CPU
		{07AD2BF7-3811-2B8E-2B24-3FA4B13BD71E}.Release|Any CPU.Build.0 = Release|Any CPU
	EndGlobalSection
	GlobalSection(SolutionProperties) = preSolution
		HideSolutionNode = FALSE
	EndGlobalSection
	GlobalSection(ExtensibilityGlobals) = postSolution
		SolutionGuid = {931F8526-742B-4071-AB45-E912799BAFA6}
	EndGlobalSection
EndGlobal
